
Microsoft Visual Studio Solution File, Format Version 12.00
# Visual Studio 14
VisualStudioVersion = 14.0.25420.1
MinimumVisualStudioVersion = 10.0.40219.1
Project("{8BC9CEB8-8B4A-11D0-8D11-00A0C91BC942}") = "ConsoleApplication1", "ConsoleApplication1\ConsoleApplication1.vcxproj", "{BDFD6364-2EA1-48E4-8431-F39F3F5CD13F}"
EndProject
Project("{8BC9CEB8-8B4A-11D0-8D11-00A0C91BC942}") = "Project1", "Project1\Project1.vcxproj", "{EF9B3656-5C16-40EF-8A00-3B69ACC0B333}"
EndProject
Global
	GlobalSection(SolutionConfigurationPlatforms) = preSolution
		Debug|x64 = Debug|x64
		Debug|x86 = Debug|x86
		Release|x64 = Release|x64
		Release|x86 = Release|x86
	EndGlobalSection
	GlobalSection(ProjectConfigurationPlatforms) = postSolution
		{BDFD6364-2EA1-48E4-8431-F39F3F5CD13F}.Debug|x64.ActiveCfg = Debug|x64
		{BDFD6364-2EA1-48E4-8431-F39F3F5CD13F}.Debug|x64.Build.0 = Debug|x64
		{BDFD6364-2EA1-48E4-8431-F39F3F5CD13F}.Debug|x86.ActiveCfg = Debug|Win32
		{BDFD6364-2EA1-48E4-8431-F39F3F5CD13F}.Debug|x86.Build.0 = Debug|Win32
		{BDFD6364-2EA1-48E4-8431-F39F3F5CD13F}.Release|x64.ActiveCfg = Release|x64
		{BDFD6364-2EA1-48E4-8431-F39F3F5CD13F}.Release|x64.Build.0 = Release|x64
		{BDFD6364-2EA1-48E4-8431-F39F3F5CD13F}.Release|x86.ActiveCfg = Release|Win32
		{BDFD6364-2EA1-48E4-8431-F39F3F5CD13F}.Release|x86.Build.0 = Release|Win32
		{EF9B3656-5C16-40EF-8A00-3B69ACC0B333}.Debug|x64.ActiveCfg = Debug|x64
		{EF9B3656-5C16-40EF-8A00-3B69ACC0B333}.Debug|x64.Build.0 = Debug|x64
		{EF9B3656-5C16-40EF-8A00-3B69ACC0B333}.Debug|x86.ActiveCfg = Debug|Win32
		{EF9B3656-5C16-40EF-8A00-3B69ACC0B333}.Debug|x86.Build.0 = Debug|Win32
		{EF9B3656-5C16-40EF-8A00-3B69ACC0B333}.Release|x64.ActiveCfg = Release|x64
		{EF9B3656-5C16-40EF-8A00-3B69ACC0B333}.Release|x64.Build.0 = Release|x64
		{EF9B3656-5C16-40EF-8A00-3B69ACC0B333}.Release|x86.ActiveCfg = Release|Win32
		{EF9B3656-5C16-40EF-8A00-3B69ACC0B333}.Release|x86.Build.0 = Release|Win32
	EndGlobalSection
	GlobalSection(SolutionProperties) = preSolution
		HideSolutionNode = FALSE
	EndGlobalSection
EndGlobal
