
Microsoft Visual Studio Solution File, Format Version 12.00
# Visual Studio Version 16
VisualStudioVersion = 16.0.30204.135
MinimumVisualStudioVersion = 10.0.40219.1
Project("{FAE04EC0-301F-11D3-BF4B-00C04F79EFBC}") = "WindowsFormsApp1", "WindowsFormsApp1\WindowsFormsApp1.csproj", "{D43006BB-E3FB-4D52-9844-BCB29607B4F0}"
EndProject
Global
	GlobalSection(SolutionConfigurationPlatforms) = preSolution
		Debug|Any CPU = Debug|Any CPU
		Release|Any CPU = Release|Any CPU
	EndGlobalSection
	GlobalSection(ProjectConfigurationPlatforms) = postSolution
		{D43006BB-E3FB-4D52-9844-BCB29607B4F0}.Debug|Any CPU.ActiveCfg = Debug|Any CPU
		{D43006BB-E3FB-4D52-9844-BCB29607B4F0}.Debug|Any CPU.Build.0 = Debug|Any CPU
		{D43006BB-E3FB-4D52-9844-BCB29607B4F0}.Release|Any CPU.ActiveCfg = Release|Any CPU
		{D43006BB-E3FB-4D52-9844-BCB29607B4F0}.Release|Any CPU.Build.0 = Release|Any CPU
	EndGlobalSection
	GlobalSection(SolutionProperties) = preSolution
		HideSolutionNode = FALSE
	EndGlobalSection
	GlobalSection(ExtensibilityGlobals) = postSolution
		SolutionGuid = {11804DC7-4778-43EF-9F75-656535F42596}
	EndGlobalSection
EndGlobal
